{
  "name": "nvd3-eval",
  "version": "0.1.0",
  "lockfileVersion": 1,
  "requires": true,
  "dependencies": {
    "highcharts": {
      "version": "6.0.3",
      "resolved": "https://registry.npmjs.org/highcharts/-/highcharts-6.0.3.tgz",
      "integrity": "sha512-WgAl1HEGBXfQ/196mezAjgJQiX1lUTnNu0t6ng1zcL/HbrEJZDcVoHDHqa9bO0VDrEQJ4m/92KEgAHk+xFCfiw=="
    },
    "nvd3": {
      "version": "1.8.6",
      "resolved": "https://registry.npmjs.org/nvd3/-/nvd3-1.8.6.tgz",
      "integrity": "sha1-LT66dL8zNjtRAevx0JPFmlOuc8Q="
    }
  }
}
